
Microsoft Visual Studio Solution File, Format Version 12.00
# Visual Studio Version 17
VisualStudioVersion = 17.12.35514.174
MinimumVisualStudioVersion = 10.0.40219.1
Project("{FAE04EC0-301F-11D3-BF4B-00C04F79EFBC}") = "Etapa6-aula2", "Etapa6-aula2\Etapa6-aula2.csproj", "{30EF1FD6-7A91-4F03-8090-D0569CF9A56B}"
EndProject
Project("{FAE04EC0-301F-11D3-BF4B-00C04F79EFBC}") = "Biblioteca", "Biblioteca\Biblioteca.csproj", "{8CFCE0FC-6CB6-47CD-8133-9084C381ED5F}"
EndProject
Global
	GlobalSection(SolutionConfigurationPlatforms) = preSolution
		Debug|Any CPU = Debug|Any CPU
		Release|Any CPU = Release|Any CPU
	EndGlobalSection
	GlobalSection(ProjectConfigurationPlatforms) = postSolution
		{30EF1FD6-7A91-4F03-8090-D0569CF9A56B}.Debug|Any CPU.ActiveCfg = Debug|Any CPU
		{30EF1FD6-7A91-4F03-8090-D0569CF9A56B}.Debug|Any CPU.Build.0 = Debug|Any CPU
		{30EF1FD6-7A91-4F03-8090-D0569CF9A56B}.Release|Any CPU.ActiveCfg = Release|Any CPU
		{30EF1FD6-7A91-4F03-8090-D0569CF9A56B}.Release|Any CPU.Build.0 = Release|Any CPU
		{8CFCE0FC-6CB6-47CD-8133-9084C381ED5F}.Debug|Any CPU.ActiveCfg = Debug|Any CPU
		{8CFCE0FC-6CB6-47CD-8133-9084C381ED5F}.Debug|Any CPU.Build.0 = Debug|Any CPU
		{8CFCE0FC-6CB6-47CD-8133-9084C381ED5F}.Release|Any CPU.ActiveCfg = Release|Any CPU
		{8CFCE0FC-6CB6-47CD-8133-9084C381ED5F}.Release|Any CPU.Build.0 = Release|Any CPU
	EndGlobalSection
	GlobalSection(SolutionProperties) = preSolution
		HideSolutionNode = FALSE
	EndGlobalSection
EndGlobal
